// !$*UTF8*$!
{
	archiveVersion = 1;
	classes = {
	};
	objectVersion = 60;
	objects = {

/* Begin PBXBuildFile section */
		100000000000000000000001 /* AppDelegate.swift in Sources */ = {isa = PBXBuildFile; fileRef = 100000000000000000000011 /* AppDelegate.swift */; };
		100000000000000000000002 /* MediaItem.swift in Sources */ = {isa = PBXBuildFile; fileRef = 100000000000000000000012 /* MediaItem.swift */; };
		100000000000000000000003 /* HomeViewController.swift in Sources */ = {isa = PBXBuildFile; fileRef = 100000000000000000000013 /* HomeViewController.swift */; };
		100000000000000000000004 /* PlayerViewController.swift in Sources */ = {isa = PBXBuildFile; fileRef = 100000000000000000000014 /* PlayerViewController.swift */; };
		100000000000000000000006 /* CacheViewController.swift in Sources */ = {isa = PBXBuildFile; fileRef = 100000000000000000000016 /* CacheViewController.swift */; };
		100000000000000000000007 /* LaunchScreen.storyboard in Resources */ = {isa = PBXBuildFile; fileRef = 100000000000000000000018 /* LaunchScreen.storyboard */; };
		100000000000000000000008 /* HTTPMediaCache in Frameworks */ = {isa = PBXBuildFile; productRef = 100000000000000000000071 /* HTTPMediaCache */; };
		100000000000000000000009 /* SceneDelegate.swift in Sources */ = {isa = PBXBuildFile; fileRef = 10000000000000000000001A /* SceneDelegate.swift */; };
		10000000000000000000000A /* AppDelegate.swift in Sources */ = {isa = PBXBuildFile; fileRef = 10000000000000000000001B /* AppDelegate.swift */; };
		10000000000000000000000B /* HomeViewController.swift in Sources */ = {isa = PBXBuildFile; fileRef = 10000000000000000000001C /* HomeViewController.swift */; };
		10000000000000000000000C /* PlayerWindowController.swift in Sources */ = {isa = PBXBuildFile; fileRef = 10000000000000000000001D /* PlayerWindowController.swift */; };
		10000000000000000000000D /* MediaItem.swift in Sources */ = {isa = PBXBuildFile; fileRef = 100000000000000000000012 /* MediaItem.swift */; };
		10000000000000000000000E /* HTTPMediaCache in Frameworks */ = {isa = PBXBuildFile; productRef = 100000000000000000000071 /* HTTPMediaCache */; };
		10000000000000000000000F /* DownloadMetricsStore.swift in Sources */ = {isa = PBXBuildFile; fileRef = 100000000000000000000020 /* DownloadMetricsStore.swift */; };
		100000000000000000000010 /* DownloadMetricsStore.swift in Sources */ = {isa = PBXBuildFile; fileRef = 100000000000000000000020 /* DownloadMetricsStore.swift */; };
/* End PBXBuildFile section */

/* Begin PBXFileReference section */
		100000000000000000000011 /* AppDelegate.swift */ = {isa = PBXFileReference; lastKnownFileType = sourcecode.swift; path = AppDelegate.swift; sourceTree = "<group>"; };
		100000000000000000000012 /* MediaItem.swift */ = {isa = PBXFileReference; lastKnownFileType = sourcecode.swift; path = MediaItem.swift; sourceTree = "<group>"; };
		100000000000000000000013 /* HomeViewController.swift */ = {isa = PBXFileReference; lastKnownFileType = sourcecode.swift; path = HomeViewController.swift; sourceTree = "<group>"; };
		100000000000000000000014 /* PlayerViewController.swift */ = {isa = PBXFileReference; lastKnownFileType = sourcecode.swift; path = PlayerViewController.swift; sourceTree = "<group>"; };
		100000000000000000000016 /* CacheViewController.swift */ = {isa = PBXFileReference; lastKnownFileType = sourcecode.swift; path = CacheViewController.swift; sourceTree = "<group>"; };
		100000000000000000000017 /* Info.plist */ = {isa = PBXFileReference; lastKnownFileType = text.plist.xml; path = Info.plist; sourceTree = "<group>"; };
		100000000000000000000018 /* LaunchScreen.storyboard */ = {isa = PBXFileReference; lastKnownFileType = file.storyboard; name = LaunchScreen.storyboard; path = Base.lproj/LaunchScreen.storyboard; sourceTree = "<group>"; };
		100000000000000000000019 /* HTTPMediaCacheiOSExample.app */ = {isa = PBXFileReference; explicitFileType = wrapper.application; includeInIndex = 0; path = HTTPMediaCacheiOSExample.app; sourceTree = BUILT_PRODUCTS_DIR; };
		10000000000000000000001A /* SceneDelegate.swift */ = {isa = PBXFileReference; lastKnownFileType = sourcecode.swift; path = SceneDelegate.swift; sourceTree = "<group>"; };
		10000000000000000000001B /* AppDelegate.swift */ = {isa = PBXFileReference; lastKnownFileType = sourcecode.swift; path = AppDelegate.swift; sourceTree = "<group>"; };
		10000000000000000000001C /* HomeViewController.swift */ = {isa = PBXFileReference; lastKnownFileType = sourcecode.swift; path = HomeViewController.swift; sourceTree = "<group>"; };
		10000000000000000000001D /* PlayerWindowController.swift */ = {isa = PBXFileReference; lastKnownFileType = sourcecode.swift; path = PlayerWindowController.swift; sourceTree = "<group>"; };
		10000000000000000000001E /* Info.plist */ = {isa = PBXFileReference; lastKnownFileType = text.plist.xml; path = Info.plist; sourceTree = "<group>"; };
		10000000000000000000001F /* HTTPMediaCacheMacExample.app */ = {isa = PBXFileReference; explicitFileType = wrapper.application; includeInIndex = 0; path = HTTPMediaCacheMacExample.app; sourceTree = BUILT_PRODUCTS_DIR; };
		100000000000000000000020 /* DownloadMetricsStore.swift */ = {isa = PBXFileReference; lastKnownFileType = sourcecode.swift; path = DownloadMetricsStore.swift; sourceTree = "<group>"; };
/* End PBXFileReference section */

/* Begin PBXFrameworksBuildPhase section */
		100000000000000000000021 /* Frameworks */ = {
			isa = PBXFrameworksBuildPhase;
			buildActionMask = 2147483647;
			files = (
				100000000000000000000008 /* HTTPMediaCache in Frameworks */,
			);
			runOnlyForDeploymentPostprocessing = 0;
		};
		100000000000000000000024 /* Frameworks */ = {
			isa = PBXFrameworksBuildPhase;
			buildActionMask = 2147483647;
			files = (
				10000000000000000000000E /* HTTPMediaCache in Frameworks */,
			);
			runOnlyForDeploymentPostprocessing = 0;
		};
/* End PBXFrameworksBuildPhase section */

/* Begin PBXGroup section */
		100000000000000000000031 = {
			isa = PBXGroup;
			children = (
				100000000000000000000032 /* Shared */,
				100000000000000000000034 /* iOS */,
				100000000000000000000036 /* macOS */,
				100000000000000000000033 /* Products */,
			);
			sourceTree = "<group>";
		};
		100000000000000000000032 /* Shared */ = {
			isa = PBXGroup;
			children = (
				100000000000000000000012 /* MediaItem.swift */,
				100000000000000000000020 /* DownloadMetricsStore.swift */,
			);
			path = Shared;
			sourceTree = "<group>";
		};
		100000000000000000000034 /* iOS */ = {
			isa = PBXGroup;
			children = (
				100000000000000000000011 /* AppDelegate.swift */,
				10000000000000000000001A /* SceneDelegate.swift */,
				100000000000000000000013 /* HomeViewController.swift */,
				100000000000000000000014 /* PlayerViewController.swift */,
				100000000000000000000016 /* CacheViewController.swift */,
				100000000000000000000018 /* LaunchScreen.storyboard */,
				100000000000000000000017 /* Info.plist */,
			);
			path = iOS;
			sourceTree = "<group>";
		};
		100000000000000000000036 /* macOS */ = {
			isa = PBXGroup;
			children = (
				10000000000000000000001B /* AppDelegate.swift */,
				10000000000000000000001C /* HomeViewController.swift */,
				10000000000000000000001D /* PlayerWindowController.swift */,
				10000000000000000000001E /* Info.plist */,
			);
			path = macOS;
			sourceTree = "<group>";
		};
		100000000000000000000033 /* Products */ = {
			isa = PBXGroup;
			children = (
				100000000000000000000019 /* HTTPMediaCacheiOSExample.app */,
				10000000000000000000001F /* HTTPMediaCacheMacExample.app */,
			);
			name = Products;
			sourceTree = "<group>";
		};
/* End PBXGroup section */

/* Begin PBXNativeTarget section */
		100000000000000000000041 /* HTTPMediaCacheiOSExample */ = {
			isa = PBXNativeTarget;
			buildConfigurationList = 100000000000000000000061 /* Build configuration list for PBXNativeTarget "HTTPMediaCacheiOSExample" */;
			buildPhases = (
				100000000000000000000022 /* Sources */,
				100000000000000000000021 /* Frameworks */,
				100000000000000000000023 /* Resources */,
			);
			buildRules = (
			);
			dependencies = (
			);
			name = HTTPMediaCacheiOSExample;
			packageProductDependencies = (
				100000000000000000000071 /* HTTPMediaCache */,
			);
			productName = HTTPMediaCacheiOSExample;
			productReference = 100000000000000000000019 /* HTTPMediaCacheiOSExample.app */;
			productType = "com.apple.product-type.application";
		};
		100000000000000000000042 /* HTTPMediaCacheMacExample */ = {
			isa = PBXNativeTarget;
			buildConfigurationList = 100000000000000000000066 /* Build configuration list for PBXNativeTarget "HTTPMediaCacheMacExample" */;
			buildPhases = (
				100000000000000000000025 /* Sources */,
				100000000000000000000024 /* Frameworks */,
				100000000000000000000026 /* Resources */,
			);
			buildRules = (
			);
			dependencies = (
			);
			name = HTTPMediaCacheMacExample;
			packageProductDependencies = (
				100000000000000000000071 /* HTTPMediaCache */,
			);
			productName = HTTPMediaCacheMacExample;
			productReference = 10000000000000000000001F /* HTTPMediaCacheMacExample.app */;
			productType = "com.apple.product-type.application";
		};
/* End PBXNativeTarget section */

/* Begin PBXProject section */
		100000000000000000000051 /* Project object */ = {
			isa = PBXProject;
			attributes = {
				BuildIndependentTargetsInParallel = YES;
				LastSwiftUpdateCheck = 1650;
				LastUpgradeCheck = 2650;
				TargetAttributes = {
					100000000000000000000041 = {
						CreatedOnToolsVersion = 16.0;
						ProvisioningStyle = Automatic;
					};
					100000000000000000000042 = {
						CreatedOnToolsVersion = 16.0;
						ProvisioningStyle = Automatic;
					};
				};
			};
			buildConfigurationList = 100000000000000000000060 /* Build configuration list for PBXProject "HTTPMediaCacheExample" */;
			compatibilityVersion = "Xcode 14.0";
			developmentRegion = en;
			hasScannedForEncodings = 0;
			knownRegions = (
				en,
				Base,
			);
			mainGroup = 100000000000000000000031;
			packageReferences = (
				100000000000000000000070 /* XCLocalSwiftPackageReference ".." */,
			);
			productRefGroup = 100000000000000000000033 /* Products */;
			projectDirPath = "";
			projectRoot = "";
			targets = (
				100000000000000000000041 /* HTTPMediaCacheiOSExample */,
				100000000000000000000042 /* HTTPMediaCacheMacExample */,
			);
		};
/* End PBXProject section */

/* Begin PBXResourcesBuildPhase section */
		100000000000000000000023 /* Resources */ = {
			isa = PBXResourcesBuildPhase;
			buildActionMask = 2147483647;
			files = (
				100000000000000000000007 /* LaunchScreen.storyboard in Resources */,
			);
			runOnlyForDeploymentPostprocessing = 0;
		};
		100000000000000000000026 /* Resources */ = {
			isa = PBXResourcesBuildPhase;
			buildActionMask = 2147483647;
			files = (
			);
			runOnlyForDeploymentPostprocessing = 0;
		};
/* End PBXResourcesBuildPhase section */

/* Begin PBXSourcesBuildPhase section */
		100000000000000000000022 /* Sources */ = {
			isa = PBXSourcesBuildPhase;
			buildActionMask = 2147483647;
			files = (
				100000000000000000000001 /* AppDelegate.swift in Sources */,
				100000000000000000000002 /* MediaItem.swift in Sources */,
				100000000000000000000003 /* HomeViewController.swift in Sources */,
				100000000000000000000004 /* PlayerViewController.swift in Sources */,
				100000000000000000000006 /* CacheViewController.swift in Sources */,
				100000000000000000000009 /* SceneDelegate.swift in Sources */,
				10000000000000000000000F /* DownloadMetricsStore.swift in Sources */,
			);
			runOnlyForDeploymentPostprocessing = 0;
		};
		100000000000000000000025 /* Sources */ = {
			isa = PBXSourcesBuildPhase;
			buildActionMask = 2147483647;
			files = (
				10000000000000000000000A /* AppDelegate.swift in Sources */,
				10000000000000000000000B /* HomeViewController.swift in Sources */,
				10000000000000000000000C /* PlayerWindowController.swift in Sources */,
				10000000000000000000000D /* MediaItem.swift in Sources */,
				100000000000000000000010 /* DownloadMetricsStore.swift in Sources */,
			);
			runOnlyForDeploymentPostprocessing = 0;
		};
/* End PBXSourcesBuildPhase section */

/* Begin XCBuildConfiguration section */
		100000000000000000000062 /* Debug */ = {
			isa = XCBuildConfiguration;
			buildSettings = {
				ALWAYS_SEARCH_USER_PATHS = NO;
				CLANG_ANALYZER_NONNULL = YES;
				CLANG_ANALYZER_NUMBER_OBJECT_CONVERSION = YES_AGGRESSIVE;
				CLANG_CXX_LANGUAGE_STANDARD = "gnu++20";
				CLANG_ENABLE_MODULES = YES;
				CLANG_ENABLE_OBJC_ARC = YES;
				CLANG_WARN_BLOCK_CAPTURE_AUTORELEASING = YES;
				CLANG_WARN_BOOL_CONVERSION = YES;
				CLANG_WARN_COMMA = YES;
				CLANG_WARN_CONSTANT_CONVERSION = YES;
				CLANG_WARN_DEPRECATED_OBJC_IMPLEMENTATIONS = YES;
				CLANG_WARN_DIRECT_OBJC_ISA_USAGE = YES_ERROR;
				CLANG_WARN_EMPTY_BODY = YES;
				CLANG_WARN_ENUM_CONVERSION = YES;
				CLANG_WARN_INFINITE_RECURSION = YES;
				CLANG_WARN_INT_CONVERSION = YES;
				CLANG_WARN_NON_LITERAL_NULL_CONVERSION = YES;
				CLANG_WARN_OBJC_IMPLICIT_RETAIN_SELF = YES;
				CLANG_WARN_OBJC_LITERAL_CONVERSION = YES;
				CLANG_WARN_OBJC_ROOT_CLASS = YES_ERROR;
				CLANG_WARN_QUOTED_INCLUDE_IN_FRAMEWORK_HEADER = YES;
				CLANG_WARN_RANGE_LOOP_ANALYSIS = YES;
				CLANG_WARN_STRICT_PROTOTYPES = YES;
				CLANG_WARN_SUSPICIOUS_MOVE = YES;
				CLANG_WARN_UNREACHABLE_CODE = YES;
				CLANG_WARN__DUPLICATE_METHOD_MATCH = YES;
				COPY_PHASE_STRIP = NO;
				DEBUG_INFORMATION_FORMAT = dwarf;
				ENABLE_STRICT_OBJC_MSGSEND = YES;
				ENABLE_TESTABILITY = YES;
				ENABLE_USER_SCRIPT_SANDBOXING = YES;
				GCC_C_LANGUAGE_STANDARD = gnu17;
				GCC_DYNAMIC_NO_PIC = NO;
				GCC_NO_COMMON_BLOCKS = YES;
				GCC_OPTIMIZATION_LEVEL = 0;
				GCC_PREPROCESSOR_DEFINITIONS = (
					"DEBUG=1",
					"$(inherited)",
				);
				GCC_WARN_64_TO_32_BIT_CONVERSION = YES;
				GCC_WARN_ABOUT_RETURN_TYPE = YES_ERROR;
				GCC_WARN_UNDECLARED_SELECTOR = YES;
				GCC_WARN_UNINITIALIZED_AUTOS = YES_AGGRESSIVE;
				GCC_WARN_UNUSED_FUNCTION = YES;
				GCC_WARN_UNUSED_VARIABLE = YES;
				IPHONEOS_DEPLOYMENT_TARGET = 15.0;
				MTL_ENABLE_DEBUG_INFO = INCLUDE_SOURCE;
				MTL_FAST_MATH = YES;
				ONLY_ACTIVE_ARCH = YES;
				SDKROOT = iphoneos;
				STRING_CATALOG_GENERATE_SYMBOLS = YES;
				SWIFT_ACTIVE_COMPILATION_CONDITIONS = DEBUG;
			};
			name = Debug;
		};
		100000000000000000000063 /* Release */ = {
			isa = XCBuildConfiguration;
			buildSettings = {
				ALWAYS_SEARCH_USER_PATHS = NO;
				CLANG_ANALYZER_NONNULL = YES;
				CLANG_ANALYZER_NUMBER_OBJECT_CONVERSION = YES_AGGRESSIVE;
				CLANG_CXX_LANGUAGE_STANDARD = "gnu++20";
				CLANG_ENABLE_MODULES = YES;
				CLANG_ENABLE_OBJC_ARC = YES;
				CLANG_WARN_BLOCK_CAPTURE_AUTORELEASING = YES;
				CLANG_WARN_BOOL_CONVERSION = YES;
				CLANG_WARN_COMMA = YES;
				CLANG_WARN_CONSTANT_CONVERSION = YES;
				CLANG_WARN_DEPRECATED_OBJC_IMPLEMENTATIONS = YES;
				CLANG_WARN_DIRECT_OBJC_ISA_USAGE = YES_ERROR;
				CLANG_WARN_EMPTY_BODY = YES;
				CLANG_WARN_ENUM_CONVERSION = YES;
				CLANG_WARN_INFINITE_RECURSION = YES;
				CLANG_WARN_INT_CONVERSION = YES;
				CLANG_WARN_NON_LITERAL_NULL_CONVERSION = YES;
				CLANG_WARN_OBJC_IMPLICIT_RETAIN_SELF = YES;
				CLANG_WARN_OBJC_LITERAL_CONVERSION = YES;
				CLANG_WARN_OBJC_ROOT_CLASS = YES_ERROR;
				CLANG_WARN_QUOTED_INCLUDE_IN_FRAMEWORK_HEADER = YES;
				CLANG_WARN_RANGE_LOOP_ANALYSIS = YES;
				CLANG_WARN_STRICT_PROTOTYPES = YES;
				CLANG_WARN_SUSPICIOUS_MOVE = YES;
				CLANG_WARN_UNREACHABLE_CODE = YES;
				CLANG_WARN__DUPLICATE_METHOD_MATCH = YES;
				COPY_PHASE_STRIP = NO;
				DEBUG_INFORMATION_FORMAT = "dwarf-with-dsym";
				ENABLE_NS_ASSERTIONS = NO;
				ENABLE_STRICT_OBJC_MSGSEND = YES;
				ENABLE_USER_SCRIPT_SANDBOXING = YES;
				GCC_C_LANGUAGE_STANDARD = gnu17;
				GCC_NO_COMMON_BLOCKS = YES;
				GCC_WARN_64_TO_32_BIT_CONVERSION = YES;
				GCC_WARN_ABOUT_RETURN_TYPE = YES_ERROR;
				GCC_WARN_UNDECLARED_SELECTOR = YES;
				GCC_WARN_UNINITIALIZED_AUTOS = YES_AGGRESSIVE;
				GCC_WARN_UNUSED_FUNCTION = YES;
				GCC_WARN_UNUSED_VARIABLE = YES;
				IPHONEOS_DEPLOYMENT_TARGET = 15.0;
				MTL_ENABLE_DEBUG_INFO = NO;
				MTL_FAST_MATH = YES;
				SDKROOT = iphoneos;
				STRING_CATALOG_GENERATE_SYMBOLS = YES;
				SWIFT_COMPILATION_MODE = wholemodule;
				VALIDATE_PRODUCT = YES;
			};
			name = Release;
		};
		100000000000000000000064 /* Debug */ = {
			isa = XCBuildConfiguration;
			buildSettings = {
				CODE_SIGN_STYLE = Automatic;
				DEVELOPMENT_TEAM = "";
				GENERATE_INFOPLIST_FILE = NO;
				INFOPLIST_FILE = iOS/Info.plist;
				IPHONEOS_DEPLOYMENT_TARGET = 15.0;
				LD_RUNPATH_SEARCH_PATHS = (
					"$(inherited)",
					"@executable_path/Frameworks",
				);
				PRODUCT_BUNDLE_IDENTIFIER = com.sunimp.HTTPMediaCacheiOSExample;
				PRODUCT_NAME = HTTPMediaCacheiOSExample;
				SWIFT_VERSION = 5.0;
				TARGETED_DEVICE_FAMILY = "1,2";
			};
			name = Debug;
		};
		100000000000000000000065 /* Release */ = {
			isa = XCBuildConfiguration;
			buildSettings = {
				CODE_SIGN_STYLE = Automatic;
				DEVELOPMENT_TEAM = "";
				GENERATE_INFOPLIST_FILE = NO;
				INFOPLIST_FILE = iOS/Info.plist;
				IPHONEOS_DEPLOYMENT_TARGET = 15.0;
				LD_RUNPATH_SEARCH_PATHS = (
					"$(inherited)",
					"@executable_path/Frameworks",
				);
				PRODUCT_BUNDLE_IDENTIFIER = com.sunimp.HTTPMediaCacheiOSExample;
				PRODUCT_NAME = HTTPMediaCacheiOSExample;
				SWIFT_VERSION = 5.0;
				TARGETED_DEVICE_FAMILY = "1,2";
			};
			name = Release;
		};
		100000000000000000000067 /* Debug */ = {
			isa = XCBuildConfiguration;
			buildSettings = {
				ASSETCATALOG_COMPILER_APPICON_NAME = AppIcon;
				CODE_SIGN_STYLE = Automatic;
				COMBINE_HIDPI_IMAGES = YES;
				DEVELOPMENT_TEAM = "";
				GENERATE_INFOPLIST_FILE = NO;
				INFOPLIST_FILE = macOS/Info.plist;
				LD_RUNPATH_SEARCH_PATHS = (
					"$(inherited)",
					"@executable_path/../Frameworks",
				);
				MACOSX_DEPLOYMENT_TARGET = 12.0;
				PRODUCT_BUNDLE_IDENTIFIER = com.sunimp.HTTPMediaCacheMacExample;
				PRODUCT_NAME = HTTPMediaCacheMacExample;
				SDKROOT = macosx;
				SWIFT_VERSION = 5.0;
			};
			name = Debug;
		};
		100000000000000000000068 /* Release */ = {
			isa = XCBuildConfiguration;
			buildSettings = {
				ASSETCATALOG_COMPILER_APPICON_NAME = AppIcon;
				CODE_SIGN_STYLE = Automatic;
				COMBINE_HIDPI_IMAGES = YES;
				DEVELOPMENT_TEAM = "";
				GENERATE_INFOPLIST_FILE = NO;
				INFOPLIST_FILE = macOS/Info.plist;
				LD_RUNPATH_SEARCH_PATHS = (
					"$(inherited)",
					"@executable_path/../Frameworks",
				);
				MACOSX_DEPLOYMENT_TARGET = 12.0;
				PRODUCT_BUNDLE_IDENTIFIER = com.sunimp.HTTPMediaCacheMacExample;
				PRODUCT_NAME = HTTPMediaCacheMacExample;
				SDKROOT = macosx;
				SWIFT_VERSION = 5.0;
			};
			name = Release;
		};
/* End XCBuildConfiguration section */

/* Begin XCConfigurationList section */
		100000000000000000000060 /* Build configuration list for PBXProject "HTTPMediaCacheExample" */ = {
			isa = XCConfigurationList;
			buildConfigurations = (
				100000000000000000000062 /* Debug */,
				100000000000000000000063 /* Release */,
			);
			defaultConfigurationIsVisible = 0;
			defaultConfigurationName = Release;
		};
		100000000000000000000061 /* Build configuration list for PBXNativeTarget "HTTPMediaCacheiOSExample" */ = {
			isa = XCConfigurationList;
			buildConfigurations = (
				100000000000000000000064 /* Debug */,
				100000000000000000000065 /* Release */,
			);
			defaultConfigurationIsVisible = 0;
			defaultConfigurationName = Release;
		};
		100000000000000000000066 /* Build configuration list for PBXNativeTarget "HTTPMediaCacheMacExample" */ = {
			isa = XCConfigurationList;
			buildConfigurations = (
				100000000000000000000067 /* Debug */,
				100000000000000000000068 /* Release */,
			);
			defaultConfigurationIsVisible = 0;
			defaultConfigurationName = Release;
		};
/* End XCConfigurationList section */

/* Begin XCLocalSwiftPackageReference section */
		100000000000000000000070 /* XCLocalSwiftPackageReference ".." */ = {
			isa = XCLocalSwiftPackageReference;
			relativePath = ..;
		};
/* End XCLocalSwiftPackageReference section */

/* Begin XCSwiftPackageProductDependency section */
		100000000000000000000071 /* HTTPMediaCache */ = {
			isa = XCSwiftPackageProductDependency;
			package = 100000000000000000000070 /* XCLocalSwiftPackageReference ".." */;
			productName = HTTPMediaCache;
		};
/* End XCSwiftPackageProductDependency section */
	};
	rootObject = 100000000000000000000051 /* Project object */;
}
